// !$*UTF8*$!
{
	archiveVersion = 1;
	classes = {
	};
	objectVersion = 55;
	objects = {

/* Begin PBXBuildFile section */
		B31604AF27AC738B00847829 /* Assets.xcassets in Resources */ = {isa = PBXBuildFile; fileRef = B31604AE27AC738B00847829 /* Assets.xcassets */; };
		B39CAE2927A512240008B9B7 /* AppDelegate.swift in Sources */ = {isa = PBXBuildFile; fileRef = B39CAE2827A512240008B9B7 /* AppDelegate.swift */; };
		B39CAE2B27A512240008B9B7 /* SceneDelegate.swift in Sources */ = {isa = PBXBuildFile; fileRef = B39CAE2A27A512240008B9B7 /* SceneDelegate.swift */; };
		B39CAE2D27A512240008B9B7 /* ViewController.swift in Sources */ = {isa = PBXBuildFile; fileRef = B39CAE2C27A512240008B9B7 /* ViewController.swift */; };
		B39CAE3027A512240008B9B7 /* Main.storyboard in Resources */ = {isa = PBXBuildFile; fileRef = B39CAE2E27A512240008B9B7 /* Main.storyboard */; };
		B39CAE3527A512250008B9B7 /* LaunchScreen.storyboard in Resources */ = {isa = PBXBuildFile; fileRef = B39CAE3327A512250008B9B7 /* LaunchScreen.storyboard */; };
		B39CAE4027A512260008B9B7 /* Lab2_MitTests.swift in Sources */ = {isa = PBXBuildFile; fileRef = B39CAE3F27A512260008B9B7 /* Lab2_MitTests.swift */; };
		B39CAE4A27A512260008B9B7 /* Lab2_MitUITests.swift in Sources */ = {isa = PBXBuildFile; fileRef = B39CAE4927A512260008B9B7 /* Lab2_MitUITests.swift */; };
		B39CAE4C27A512260008B9B7 /* Lab2_MitUITestsLaunchTests.swift in Sources */ = {isa = PBXBuildFile; fileRef = B39CAE4B27A512260008B9B7 /* Lab2_MitUITestsLaunchTests.swift */; };
		B3AD466A27AB5250002AD239 /* CustomTableViewCell.swift in Sources */ = {isa = PBXBuildFile; fileRef = B3AD466927AB5250002AD239 /* CustomTableViewCell.swift */; };
/* End PBXBuildFile section */

/* Begin PBXContainerItemProxy section */
		B39CAE3C27A512260008B9B7 /* PBXContainerItemProxy */ = {
			isa = PBXContainerItemProxy;
			containerPortal = B39CAE1D27A512240008B9B7 /* Project object */;
			proxyType = 1;
			remoteGlobalIDString = B39CAE2427A512240008B9B7;
			remoteInfo = Lab2_Mit;
		};
		B39CAE4627A512260008B9B7 /* PBXContainerItemProxy */ = {
			isa = PBXContainerItemProxy;
			containerPortal = B39CAE1D27A512240008B9B7 /* Project object */;
			proxyType = 1;
			remoteGlobalIDString = B39CAE2427A512240008B9B7;
			remoteInfo = Lab2_Mit;
		};
/* End PBXContainerItemProxy section */

/* Begin PBXFileReference section */
		B31604AE27AC738B00847829 /* Assets.xcassets */ = {isa = PBXFileReference; lastKnownFileType = folder.assetcatalog; name = Assets.xcassets; path = Lab2_Mit/Assets.xcassets; sourceTree = "<group>"; };
		B39CAE2527A512240008B9B7 /* Lab2_Mit.app */ = {isa = PBXFileReference; explicitFileType = wrapper.application; includeInIndex = 0; path = Lab2_Mit.app; sourceTree = BUILT_PRODUCTS_DIR; };
		B39CAE2827A512240008B9B7 /* AppDelegate.swift */ = {isa = PBXFileReference; lastKnownFileType = sourcecode.swift; path = AppDelegate.swift; sourceTree = "<group>"; };
		B39CAE2A27A512240008B9B7 /* SceneDelegate.swift */ = {isa = PBXFileReference; lastKnownFileType = sourcecode.swift; path = SceneDelegate.swift; sourceTree = "<group>"; };
		B39CAE2C27A512240008B9B7 /* ViewController.swift */ = {isa = PBXFileReference; lastKnownFileType = sourcecode.swift; path = ViewController.swift; sourceTree = "<group>"; };
		B39CAE2F27A512240008B9B7 /* Base */ = {isa = PBXFileReference; lastKnownFileType = file.storyboard; name = Base; path = Base.lproj/Main.storyboard; sourceTree = "<group>"; };
		B39CAE3427A512250008B9B7 /* Base */ = {isa = PBXFileReference; lastKnownFileType = file.storyboard; name = Base; path = Base.lproj/LaunchScreen.storyboard; sourceTree = "<group>"; };
		B39CAE3627A512250008B9B7 /* Info.plist */ = {isa = PBXFileReference; lastKnownFileType = text.plist.xml; path = Info.plist; sourceTree = "<group>"; };
		B39CAE3B27A512250008B9B7 /* Lab2_MitTests.xctest */ = {isa = PBXFileReference; explicitFileType = wrapper.cfbundle; includeInIndex = 0; path = Lab2_MitTests.xctest; sourceTree = BUILT_PRODUCTS_DIR; };
		B39CAE3F27A512260008B9B7 /* Lab2_MitTests.swift */ = {isa = PBXFileReference; lastKnownFileType = sourcecode.swift; path = Lab2_MitTests.swift; sourceTree = "<group>"; };
		B39CAE4527A512260008B9B7 /* Lab2_MitUITests.xctest */ = {isa = PBXFileReference; explicitFileType = wrapper.cfbundle; includeInIndex = 0; path = Lab2_MitUITests.xctest; sourceTree = BUILT_PRODUCTS_DIR; };
		B39CAE4927A512260008B9B7 /* Lab2_MitUITests.swift */ = {isa = PBXFileReference; lastKnownFileType = sourcecode.swift; path = Lab2_MitUITests.swift; sourceTree = "<group>"; };
		B39CAE4B27A512260008B9B7 /* Lab2_MitUITestsLaunchTests.swift */ = {isa = PBXFileReference; lastKnownFileType = sourcecode.swift; path = Lab2_MitUITestsLaunchTests.swift; sourceTree = "<group>"; };
		B3AD466927AB5250002AD239 /* CustomTableViewCell.swift */ = {isa = PBXFileReference; lastKnownFileType = sourcecode.swift; path = CustomTableViewCell.swift; sourceTree = "<group>"; };
/* End PBXFileReference section */

/* Begin PBXFrameworksBuildPhase section */
		B39CAE2227A512240008B9B7 /* Frameworks */ = {
			isa = PBXFrameworksBuildPhase;
			buildActionMask = 2147483647;
			files = (
			);
			runOnlyForDeploymentPostprocessing = 0;
		};
		B39CAE3827A512250008B9B7 /* Frameworks */ = {
			isa = PBXFrameworksBuildPhase;
			buildActionMask = 2147483647;
			files = (
			);
			runOnlyForDeploymentPostprocessing = 0;
		};
		B39CAE4227A512260008B9B7 /* Frameworks */ = {
			isa = PBXFrameworksBuildPhase;
			buildActionMask = 2147483647;
			files = (
			);
			runOnlyForDeploymentPostprocessing = 0;
		};
/* End PBXFrameworksBuildPhase section */

/* Begin PBXGroup section */
		B39CAE1C27A512240008B9B7 = {
			isa = PBXGroup;
			children = (
				B31604AE27AC738B00847829 /* Assets.xcassets */,
				B39CAE2727A512240008B9B7 /* Lab2_Mit */,
				B39CAE3E27A512260008B9B7 /* Lab2_MitTests */,
				B39CAE4827A512260008B9B7 /* Lab2_MitUITests */,
				B39CAE2627A512240008B9B7 /* Products */,
			);
			sourceTree = "<group>";
		};
		B39CAE2627A512240008B9B7 /* Products */ = {
			isa = PBXGroup;
			children = (
				B39CAE2527A512240008B9B7 /* Lab2_Mit.app */,
				B39CAE3B27A512250008B9B7 /* Lab2_MitTests.xctest */,
				B39CAE4527A512260008B9B7 /* Lab2_MitUITests.xctest */,
			);
			name = Products;
			sourceTree = "<group>";
		};
		B39CAE2727A512240008B9B7 /* Lab2_Mit */ = {
			isa = PBXGroup;
			children = (
				B39CAE2827A512240008B9B7 /* AppDelegate.swift */,
				B39CAE2A27A512240008B9B7 /* SceneDelegate.swift */,
				B39CAE2C27A512240008B9B7 /* ViewController.swift */,
				B39CAE2E27A512240008B9B7 /* Main.storyboard */,
				B39CAE3327A512250008B9B7 /* LaunchScreen.storyboard */,
				B39CAE3627A512250008B9B7 /* Info.plist */,
				B3AD466927AB5250002AD239 /* CustomTableViewCell.swift */,
			);
			path = Lab2_Mit;
			sourceTree = "<group>";
		};
		B39CAE3E27A512260008B9B7 /* Lab2_MitTests */ = {
			isa = PBXGroup;
			children = (
				B39CAE3F27A512260008B9B7 /* Lab2_MitTests.swift */,
			);
			path = Lab2_MitTests;
			sourceTree = "<group>";
		};
		B39CAE4827A512260008B9B7 /* Lab2_MitUITests */ = {
			isa = PBXGroup;
			children = (
				B39CAE4927A512260008B9B7 /* Lab2_MitUITests.swift */,
				B39CAE4B27A512260008B9B7 /* Lab2_MitUITestsLaunchTests.swift */,
			);
			path = Lab2_MitUITests;
			sourceTree = "<group>";
		};
/* End PBXGroup section */

/* Begin PBXNativeTarget section */
		B39CAE2427A512240008B9B7 /* Lab2_Mit */ = {
			isa = PBXNativeTarget;
			buildConfigurationList = B39CAE4F27A512260008B9B7 /* Build configuration list for PBXNativeTarget "Lab2_Mit" */;
			buildPhases = (
				B39CAE2127A512240008B9B7 /* Sources */,
				B39CAE2227A512240008B9B7 /* Frameworks */,
				B39CAE2327A512240008B9B7 /* Resources */,
			);
			buildRules = (
			);
			dependencies = (
			);
			name = Lab2_Mit;
			productName = Lab2_Mit;
			productReference = B39CAE2527A512240008B9B7 /* Lab2_Mit.app */;
			productType = "com.apple.product-type.application";
		};
		B39CAE3A27A512250008B9B7 /* Lab2_MitTests */ = {
			isa = PBXNativeTarget;
			buildConfigurationList = B39CAE5227A512260008B9B7 /* Build configuration list for PBXNativeTarget "Lab2_MitTests" */;
			buildPhases = (
				B39CAE3727A512250008B9B7 /* Sources */,
				B39CAE3827A512250008B9B7 /* Frameworks */,
				B39CAE3927A512250008B9B7 /* Resources */,
			);
			buildRules = (
			);
			dependencies = (
				B39CAE3D27A512260008B9B7 /* PBXTargetDependency */,
			);
			name = Lab2_MitTests;
			productName = Lab2_MitTests;
			productReference = B39CAE3B27A512250008B9B7 /* Lab2_MitTests.xctest */;
			productType = "com.apple.product-type.bundle.unit-test";
		};
		B39CAE4427A512260008B9B7 /* Lab2_MitUITests */ = {
			isa = PBXNativeTarget;
			buildConfigurationList = B39CAE5527A512260008B9B7 /* Build configuration list for PBXNativeTarget "Lab2_MitUITests" */;
			buildPhases = (
				B39CAE4127A512260008B9B7 /* Sources */,
				B39CAE4227A512260008B9B7 /* Frameworks */,
				B39CAE4327A512260008B9B7 /* Resources */,
			);
			buildRules = (
			);
			dependencies = (
				B39CAE4727A512260008B9B7 /* PBXTargetDependency */,
			);
			name = Lab2_MitUITests;
			productName = Lab2_MitUITests;
			productReference = B39CAE4527A512260008B9B7 /* Lab2_MitUITests.xctest */;
			productType = "com.apple.product-type.bundle.ui-testing";
		};
/* End PBXNativeTarget section */

/* Begin PBXProject section */
		B39CAE1D27A512240008B9B7 /* Project object */ = {
			isa = PBXProject;
			attributes = {
				BuildIndependentTargetsInParallel = 1;
				LastSwiftUpdateCheck = 1320;
				LastUpgradeCheck = 1320;
				TargetAttributes = {
					B39CAE2427A512240008B9B7 = {
						CreatedOnToolsVersion = 13.2.1;
					};
					B39CAE3A27A512250008B9B7 = {
						CreatedOnToolsVersion = 13.2.1;
						TestTargetID = B39CAE2427A512240008B9B7;
					};
					B39CAE4427A512260008B9B7 = {
						CreatedOnToolsVersion = 13.2.1;
						TestTargetID = B39CAE2427A512240008B9B7;
					};
				};
			};
			buildConfigurationList = B39CAE2027A512240008B9B7 /* Build configuration list for PBXProject "Lab2_Mit" */;
			compatibilityVersion = "Xcode 13.0";
			developmentRegion = en;
			hasScannedForEncodings = 0;
			knownRegions = (
				en,
				Base,
			);
			mainGroup = B39CAE1C27A512240008B9B7;
			productRefGroup = B39CAE2627A512240008B9B7 /* Products */;
			projectDirPath = "";
			projectRoot = "";
			targets = (
				B39CAE2427A512240008B9B7 /* Lab2_Mit */,
				B39CAE3A27A512250008B9B7 /* Lab2_MitTests */,
				B39CAE4427A512260008B9B7 /* Lab2_MitUITests */,
			);
		};
/* End PBXProject section */

/* Begin PBXResourcesBuildPhase section */
		B39CAE2327A512240008B9B7 /* Resources */ = {
			isa = PBXResourcesBuildPhase;
			buildActionMask = 2147483647;
			files = (
				B39CAE3527A512250008B9B7 /* LaunchScreen.storyboard in Resources */,
				B31604AF27AC738B00847829 /* Assets.xcassets in Resources */,
				B39CAE3027A512240008B9B7 /* Main.storyboard in Resources */,
			);
			runOnlyForDeploymentPostprocessing = 0;
		};
		B39CAE3927A512250008B9B7 /* Resources */ = {
			isa = PBXResourcesBuildPhase;
			buildActionMask = 2147483647;
			files = (
			);
			runOnlyForDeploymentPostprocessing = 0;
		};
		B39CAE4327A512260008B9B7 /* Resources */ = {
			isa = PBXResourcesBuildPhase;
			buildActionMask = 2147483647;
			files = (
			);
			runOnlyForDeploymentPostprocessing = 0;
		};
/* End PBXResourcesBuildPhase section */

/* Begin PBXSourcesBuildPhase section */
		B39CAE2127A512240008B9B7 /* Sources */ = {
			isa = PBXSourcesBuildPhase;
			buildActionMask = 2147483647;
			files = (
				B39CAE2D27A512240008B9B7 /* ViewController.swift in Sources */,
				B39CAE2927A512240008B9B7 /* AppDelegate.swift in Sources */,
				B3AD466A27AB5250002AD239 /* CustomTableViewCell.swift in Sources */,
				B39CAE2B27A512240008B9B7 /* SceneDelegate.swift in Sources */,
			);
			runOnlyForDeploymentPostprocessing = 0;
		};
		B39CAE3727A512250008B9B7 /* Sources */ = {
			isa = PBXSourcesBuildPhase;
			buildActionMask = 2147483647;
			files = (
				B39CAE4027A512260008B9B7 /* Lab2_MitTests.swift in Sources */,
			);
			runOnlyForDeploymentPostprocessing = 0;
		};
		B39CAE4127A512260008B9B7 /* Sources */ = {
			isa = PBXSourcesBuildPhase;
			buildActionMask = 2147483647;
			files = (
				B39CAE4C27A512260008B9B7 /* Lab2_MitUITestsLaunchTests.swift in Sources */,
				B39CAE4A27A512260008B9B7 /* Lab2_MitUITests.swift in Sources */,
			);
			runOnlyForDeploymentPostprocessing = 0;
		};
/* End PBXSourcesBuildPhase section */

/* Begin PBXTargetDependency section */
		B39CAE3D27A512260008B9B7 /* PBXTargetDependency */ = {
			isa = PBXTargetDependency;
			target = B39CAE2427A512240008B9B7 /* Lab2_Mit */;
			targetProxy = B39CAE3C27A512260008B9B7 /* PBXContainerItemProxy */;
		};
		B39CAE4727A512260008B9B7 /* PBXTargetDependency */ = {
			isa = PBXTargetDependency;
			target = B39CAE2427A512240008B9B7 /* Lab2_Mit */;
			targetProxy = B39CAE4627A512260008B9B7 /* PBXContainerItemProxy */;
		};
/* End PBXTargetDependency section */

/* Begin PBXVariantGroup section */
		B39CAE2E27A512240008B9B7 /* Main.storyboard */ = {
			isa = PBXVariantGroup;
			children = (
				B39CAE2F27A512240008B9B7 /* Base */,
			);
			name = Main.storyboard;
			sourceTree = "<group>";
		};
		B39CAE3327A512250008B9B7 /* LaunchScreen.storyboard */ = {
			isa = PBXVariantGroup;
			children = (
				B39CAE3427A512250008B9B7 /* Base */,
			);
			name = LaunchScreen.storyboard;
			sourceTree = "<group>";
		};
/* End PBXVariantGroup section */

/* Begin XCBuildConfiguration section */
		B39CAE4D27A512260008B9B7 /* Debug */ = {
			isa = XCBuildConfiguration;
			buildSettings = {
				ALWAYS_SEARCH_USER_PATHS = NO;
				CLANG_ANALYZER_NONNULL = YES;
				CLANG_ANALYZER_NUMBER_OBJECT_CONVERSION = YES_AGGRESSIVE;
				CLANG_CXX_LANGUAGE_STANDARD = "gnu++17";
				CLANG_CXX_LIBRARY = "libc++";
				CLANG_ENABLE_MODULES = YES;
				CLANG_ENABLE_OBJC_ARC = YES;
				CLANG_ENABLE_OBJC_WEAK = YES;
				CLANG_WARN_BLOCK_CAPTURE_AUTORELEASING = YES;
				CLANG_WARN_BOOL_CONVERSION = YES;
				CLANG_WARN_COMMA = YES;
				CLANG_WARN_CONSTANT_CONVERSION = YES;
				CLANG_WARN_DEPRECATED_OBJC_IMPLEMENTATIONS = YES;
				CLANG_WARN_DIRECT_OBJC_ISA_USAGE = YES_ERROR;
				CLANG_WARN_DOCUMENTATION_COMMENTS = YES;
				CLANG_WARN_EMPTY_BODY = YES;
				CLANG_WARN_ENUM_CONVERSION = YES;
				CLANG_WARN_INFINITE_RECURSION = YES;
				CLANG_WARN_INT_CONVERSION = YES;
				CLANG_WARN_NON_LITERAL_NULL_CONVERSION = YES;
				CLANG_WARN_OBJC_IMPLICIT_RETAIN_SELF = YES;
				CLANG_WARN_OBJC_LITERAL_CONVERSION = YES;
				CLANG_WARN_OBJC_ROOT_CLASS = YES_ERROR;
				CLANG_WARN_QUOTED_INCLUDE_IN_FRAMEWORK_HEADER = YES;
				CLANG_WARN_RANGE_LOOP_ANALYSIS = YES;
				CLANG_WARN_STRICT_PROTOTYPES = YES;
				CLANG_WARN_SUSPICIOUS_MOVE = YES;
				CLANG_WARN_UNGUARDED_AVAILABILITY = YES_AGGRESSIVE;
				CLANG_WARN_UNREACHABLE_CODE = YES;
				CLANG_WARN__DUPLICATE_METHOD_MATCH = YES;
				COPY_PHASE_STRIP = NO;
				DEBUG_INFORMATION_FORMAT = dwarf;
				ENABLE_STRICT_OBJC_MSGSEND = YES;
				ENABLE_TESTABILITY = YES;
				GCC_C_LANGUAGE_STANDARD = gnu11;
				GCC_DYNAMIC_NO_PIC = NO;
				GCC_NO_COMMON_BLOCKS = YES;
				GCC_OPTIMIZATION_LEVEL = 0;
				GCC_PREPROCESSOR_DEFINITIONS = (
					"DEBUG=1",
					"$(inherited)",
				);
				GCC_WARN_64_TO_32_BIT_CONVERSION = YES;
				GCC_WARN_ABOUT_RETURN_TYPE = YES_ERROR;
				GCC_WARN_UNDECLARED_SELECTOR = YES;
				GCC_WARN_UNINITIALIZED_AUTOS = YES_AGGRESSIVE;
				GCC_WARN_UNUSED_FUNCTION = YES;
				GCC_WARN_UNUSED_VARIABLE = YES;
				IPHONEOS_DEPLOYMENT_TARGET = 15.2;
				MTL_ENABLE_DEBUG_INFO = INCLUDE_SOURCE;
				MTL_FAST_MATH = YES;
				ONLY_ACTIVE_ARCH = YES;
				SDKROOT = iphoneos;
				SWIFT_ACTIVE_COMPILATION_CONDITIONS = DEBUG;
				SWIFT_OPTIMIZATION_LEVEL = "-Onone";
			};
			name = Debug;
		};
		B39CAE4E27A512260008B9B7 /* Release */ = {
			isa = XCBuildConfiguration;
			buildSettings = {
				ALWAYS_SEARCH_USER_PATHS = NO;
				CLANG_ANALYZER_NONNULL = YES;
				CLANG_ANALYZER_NUMBER_OBJECT_CONVERSION = YES_AGGRESSIVE;
				CLANG_CXX_LANGUAGE_STANDARD = "gnu++17";
				CLANG_CXX_LIBRARY = "libc++";
				CLANG_ENABLE_MODULES = YES;
				CLANG_ENABLE_OBJC_ARC = YES;
				CLANG_ENABLE_OBJC_WEAK = YES;
				CLANG_WARN_BLOCK_CAPTURE_AUTORELEASING = YES;
				CLANG_WARN_BOOL_CONVERSION = YES;
				CLANG_WARN_COMMA = YES;
				CLANG_WARN_CONSTANT_CONVERSION = YES;
				CLANG_WARN_DEPRECATED_OBJC_IMPLEMENTATIONS = YES;
				CLANG_WARN_DIRECT_OBJC_ISA_USAGE = YES_ERROR;
				CLANG_WARN_DOCUMENTATION_COMMENTS = YES;
				CLANG_WARN_EMPTY_BODY = YES;
				CLANG_WARN_ENUM_CONVERSION = YES;
				CLANG_WARN_INFINITE_RECURSION = YES;
				CLANG_WARN_INT_CONVERSION = YES;
				CLANG_WARN_NON_LITERAL_NULL_CONVERSION = YES;
				CLANG_WARN_OBJC_IMPLICIT_RETAIN_SELF = YES;
				CLANG_WARN_OBJC_LITERAL_CONVERSION = YES;
				CLANG_WARN_OBJC_ROOT_CLASS = YES_ERROR;
				CLANG_WARN_QUOTED_INCLUDE_IN_FRAMEWORK_HEADER = YES;
				CLANG_WARN_RANGE_LOOP_ANALYSIS = YES;
				CLANG_WARN_STRICT_PROTOTYPES = YES;
				CLANG_WARN_SUSPICIOUS_MOVE = YES;
				CLANG_WARN_UNGUARDED_AVAILABILITY = YES_AGGRESSIVE;
				CLANG_WARN_UNREACHABLE_CODE = YES;
				CLANG_WARN__DUPLICATE_METHOD_MATCH = YES;
				COPY_PHASE_STRIP = NO;
				DEBUG_INFORMATION_FORMAT = "dwarf-with-dsym";
				ENABLE_NS_ASSERTIONS = NO;
				ENABLE_STRICT_OBJC_MSGSEND = YES;
				GCC_C_LANGUAGE_STANDARD = gnu11;
				GCC_NO_COMMON_BLOCKS = YES;
				GCC_WARN_64_TO_32_BIT_CONVERSION = YES;
				GCC_WARN_ABOUT_RETURN_TYPE = YES_ERROR;
				GCC_WARN_UNDECLARED_SELECTOR = YES;
				GCC_WARN_UNINITIALIZED_AUTOS = YES_AGGRESSIVE;
				GCC_WARN_UNUSED_FUNCTION = YES;
				GCC_WARN_UNUSED_VARIABLE = YES;
				IPHONEOS_DEPLOYMENT_TARGET = 15.2;
				MTL_ENABLE_DEBUG_INFO = NO;
				MTL_FAST_MATH = YES;
				SDKROOT = iphoneos;
				SWIFT_COMPILATION_MODE = wholemodule;
				SWIFT_OPTIMIZATION_LEVEL = "-O";
				VALIDATE_PRODUCT = YES;
			};
			name = Release;
		};
		B39CAE5027A512260008B9B7 /* Debug */ = {
			isa = XCBuildConfiguration;
			buildSettings = {
				ASSETCATALOG_COMPILER_APPICON_NAME = AppIcon;
				ASSETCATALOG_COMPILER_GLOBAL_ACCENT_COLOR_NAME = AccentColor;
				CODE_SIGN_STYLE = Automatic;
				CURRENT_PROJECT_VERSION = 1;
				GENERATE_INFOPLIST_FILE = YES;
				INFOPLIST_FILE = Lab2_Mit/Info.plist;
				INFOPLIST_KEY_UIApplicationSupportsIndirectInputEvents = YES;
				INFOPLIST_KEY_UILaunchStoryboardName = LaunchScreen;
				INFOPLIST_KEY_UIMainStoryboardFile = Main;
				INFOPLIST_KEY_UISupportedInterfaceOrientations_iPad = "UIInterfaceOrientationPortrait UIInterfaceOrientationPortraitUpsideDown UIInterfaceOrientationLandscapeLeft UIInterfaceOrientationLandscapeRight";
				INFOPLIST_KEY_UISupportedInterfaceOrientations_iPhone = "UIInterfaceOrientationPortrait UIInterfaceOrientationLandscapeLeft UIInterfaceOrientationLandscapeRight";
				LD_RUNPATH_SEARCH_PATHS = (
					"$(inherited)",
					"@executable_path/Frameworks",
				);
				MARKETING_VERSION = 1.0;
				PRODUCT_BUNDLE_IDENTIFIER = "com.mit.Lab2-Mit";
				PRODUCT_NAME = "$(TARGET_NAME)";
				SWIFT_EMIT_LOC_STRINGS = YES;
				SWIFT_VERSION = 5.0;
				TARGETED_DEVICE_FAMILY = "1,2";
			};
			name = Debug;
		};
		B39CAE5127A512260008B9B7 /* Release */ = {
			isa = XCBuildConfiguration;
			buildSettings = {
				ASSETCATALOG_COMPILER_APPICON_NAME = AppIcon;
				ASSETCATALOG_COMPILER_GLOBAL_ACCENT_COLOR_NAME = AccentColor;
				CODE_SIGN_STYLE = Automatic;
				CURRENT_PROJECT_VERSION = 1;
				GENERATE_INFOPLIST_FILE = YES;
				INFOPLIST_FILE = Lab2_Mit/Info.plist;
				INFOPLIST_KEY_UIApplicationSupportsIndirectInputEvents = YES;
				INFOPLIST_KEY_UILaunchStoryboardName = LaunchScreen;
				INFOPLIST_KEY_UIMainStoryboardFile = Main;
				INFOPLIST_KEY_UISupportedInterfaceOrientations_iPad = "UIInterfaceOrientationPortrait UIInterfaceOrientationPortraitUpsideDown UIInterfaceOrientationLandscapeLeft UIInterfaceOrientationLandscapeRight";
				INFOPLIST_KEY_UISupportedInterfaceOrientations_iPhone = "UIInterfaceOrientationPortrait UIInterfaceOrientationLandscapeLeft UIInterfaceOrientationLandscapeRight";
				LD_RUNPATH_SEARCH_PATHS = (
					"$(inherited)",
					"@executable_path/Frameworks",
				);
				MARKETING_VERSION = 1.0;
				PRODUCT_BUNDLE_IDENTIFIER = "com.mit.Lab2-Mit";
				PRODUCT_NAME = "$(TARGET_NAME)";
				SWIFT_EMIT_LOC_STRINGS = YES;
				SWIFT_VERSION = 5.0;
				TARGETED_DEVICE_FAMILY = "1,2";
			};
			name = Release;
		};
		B39CAE5327A512260008B9B7 /* Debug */ = {
			isa = XCBuildConfiguration;
			buildSettings = {
				ALWAYS_EMBED_SWIFT_STANDARD_LIBRARIES = YES;
				BUNDLE_LOADER = "$(TEST_HOST)";
				CODE_SIGN_STYLE = Automatic;
				CURRENT_PROJECT_VERSION = 1;
				GENERATE_INFOPLIST_FILE = YES;
				IPHONEOS_DEPLOYMENT_TARGET = 15.2;
				MARKETING_VERSION = 1.0;
				PRODUCT_BUNDLE_IDENTIFIER = "com.mit.Lab2-MitTests";
				PRODUCT_NAME = "$(TARGET_NAME)";
				SWIFT_EMIT_LOC_STRINGS = NO;
				SWIFT_VERSION = 5.0;
				TARGETED_DEVICE_FAMILY = "1,2";
				TEST_HOST = "$(BUILT_PRODUCTS_DIR)/Lab2_Mit.app/Lab2_Mit";
			};
			name = Debug;
		};
		B39CAE5427A512260008B9B7 /* Release */ = {
			isa = XCBuildConfiguration;
			buildSettings = {
				ALWAYS_EMBED_SWIFT_STANDARD_LIBRARIES = YES;
				BUNDLE_LOADER = "$(TEST_HOST)";
				CODE_SIGN_STYLE = Automatic;
				CURRENT_PROJECT_VERSION = 1;
				GENERATE_INFOPLIST_FILE = YES;
				IPHONEOS_DEPLOYMENT_TARGET = 15.2;
				MARKETING_VERSION = 1.0;
				PRODUCT_BUNDLE_IDENTIFIER = "com.mit.Lab2-MitTests";
				PRODUCT_NAME = "$(TARGET_NAME)";
				SWIFT_EMIT_LOC_STRINGS = NO;
				SWIFT_VERSION = 5.0;
				TARGETED_DEVICE_FAMILY = "1,2";
				TEST_HOST = "$(BUILT_PRODUCTS_DIR)/Lab2_Mit.app/Lab2_Mit";
			};
			name = Release;
		};
		B39CAE5627A512260008B9B7 /* Debug */ = {
			isa = XCBuildConfiguration;
			buildSettings = {
				ALWAYS_EMBED_SWIFT_STANDARD_LIBRARIES = YES;
				CODE_SIGN_STYLE = Automatic;
				CURRENT_PROJECT_VERSION = 1;
				GENERATE_INFOPLIST_FILE = YES;
				MARKETING_VERSION = 1.0;
				PRODUCT_BUNDLE_IDENTIFIER = "com.mit.Lab2-MitUITests";
				PRODUCT_NAME = "$(TARGET_NAME)";
				SWIFT_EMIT_LOC_STRINGS = NO;
				SWIFT_VERSION = 5.0;
				TARGETED_DEVICE_FAMILY = "1,2";
				TEST_TARGET_NAME = Lab2_Mit;
			};
			name = Debug;
		};
		B39CAE5727A512260008B9B7 /* Release */ = {
			isa = XCBuildConfiguration;
			buildSettings = {
				ALWAYS_EMBED_SWIFT_STANDARD_LIBRARIES = YES;
				CODE_SIGN_STYLE = Automatic;
				CURRENT_PROJECT_VERSION = 1;
				GENERATE_INFOPLIST_FILE = YES;
				MARKETING_VERSION = 1.0;
				PRODUCT_BUNDLE_IDENTIFIER = "com.mit.Lab2-MitUITests";
				PRODUCT_NAME = "$(TARGET_NAME)";
				SWIFT_EMIT_LOC_STRINGS = NO;
				SWIFT_VERSION = 5.0;
				TARGETED_DEVICE_FAMILY = "1,2";
				TEST_TARGET_NAME = Lab2_Mit;
			};
			name = Release;
		};
/* End XCBuildConfiguration section */

/* Begin XCConfigurationList section */
		B39CAE2027A512240008B9B7 /* Build configuration list for PBXProject "Lab2_Mit" */ = {
			isa = XCConfigurationList;
			buildConfigurations = (
				B39CAE4D27A512260008B9B7 /* Debug */,
				B39CAE4E27A512260008B9B7 /* Release */,
			);
			defaultConfigurationIsVisible = 0;
			defaultConfigurationName = Release;
		};
		B39CAE4F27A512260008B9B7 /* Build configuration list for PBXNativeTarget "Lab2_Mit" */ = {
			isa = XCConfigurationList;
			buildConfigurations = (
				B39CAE5027A512260008B9B7 /* Debug */,
				B39CAE5127A512260008B9B7 /* Release */,
			);
			defaultConfigurationIsVisible = 0;
			defaultConfigurationName = Release;
		};
		B39CAE5227A512260008B9B7 /* Build configuration list for PBXNativeTarget "Lab2_MitTests" */ = {
			isa = XCConfigurationList;
			buildConfigurations = (
				B39CAE5327A512260008B9B7 /* Debug */,
				B39CAE5427A512260008B9B7 /* Release */,
			);
			defaultConfigurationIsVisible = 0;
			defaultConfigurationName = Release;
		};
		B39CAE5527A512260008B9B7 /* Build configuration list for PBXNativeTarget "Lab2_MitUITests" */ = {
			isa = XCConfigurationList;
			buildConfigurations = (
				B39CAE5627A512260008B9B7 /* Debug */,
				B39CAE5727A512260008B9B7 /* Release */,
			);
			defaultConfigurationIsVisible = 0;
			defaultConfigurationName = Release;
		};
/* End XCConfigurationList section */
	};
	rootObject = B39CAE1D27A512240008B9B7 /* Project object */;
}
